
Microsoft Visual Studio Solution File, Format Version 12.00
# Visual Studio 15
VisualStudioVersion = 15.0.26228.4
MinimumVisualStudioVersion = 10.0.40219.1
Project("{FAE04EC0-301F-11D3-BF4B-00C04F79EFBC}") = "ProjectManagerServiceWebApi", "ProjectManagerServiceWebApi\ProjectManagerServiceWebApi.csproj", "{748796F3-6DBB-4A52-BD8D-29E1866BABC5}"
EndProject
Project("{FAE04EC0-301F-11D3-BF4B-00C04F79EFBC}") = "ProjectManager.BussinessLayer", "ProjectManager.BL\ProjectManager.BussinessLayer.csproj", "{1E0C04C3-E375-42E7-804B-879EBF096AC1}"
EndProject
Project("{FAE04EC0-301F-11D3-BF4B-00C04F79EFBC}") = "ProjectManager.DataLayer", "ProjectManager.DL\ProjectManager.DataLayer.csproj", "{F448C2D6-C5F6-4988-9584-65936399EA0E}"
EndProject
Project("{FAE04EC0-301F-11D3-BF4B-00C04F79EFBC}") = "ProjectManager.Entities", "ProjectManager.Entities\ProjectManager.Entities.csproj", "{E20F1C04-354E-4937-8635-721BE78B027A}"
EndProject
Project("{FAE04EC0-301F-11D3-BF4B-00C04F79EFBC}") = "ProjectManager.NUnit", "ProjectManager.NUnit\ProjectManager.NUnit.csproj", "{9145C60F-C858-4471-9824-BA58328E4B1C}"
EndProject
Project("{FAE04EC0-301F-11D3-BF4B-00C04F79EFBC}") = "ProjectManager.NBench2", "ProjectManager.NBench2\ProjectManager.NBench2.csproj", "{EB47D2C6-9F3E-4B70-85DC-E852612B71A0}"
EndProject
Global
	GlobalSection(SolutionConfigurationPlatforms) = preSolution
		Debug|Any CPU = Debug|Any CPU
		Release|Any CPU = Release|Any CPU
	EndGlobalSection
	GlobalSection(ProjectConfigurationPlatforms) = postSolution
		{748796F3-6DBB-4A52-BD8D-29E1866BABC5}.Debug|Any CPU.ActiveCfg = Debug|Any CPU
		{748796F3-6DBB-4A52-BD8D-29E1866BABC5}.Debug|Any CPU.Build.0 = Debug|Any CPU
		{748796F3-6DBB-4A52-BD8D-29E1866BABC5}.Release|Any CPU.ActiveCfg = Release|Any CPU
		{748796F3-6DBB-4A52-BD8D-29E1866BABC5}.Release|Any CPU.Build.0 = Release|Any CPU
		{1E0C04C3-E375-42E7-804B-879EBF096AC1}.Debug|Any CPU.ActiveCfg = Debug|Any CPU
		{1E0C04C3-E375-42E7-804B-879EBF096AC1}.Debug|Any CPU.Build.0 = Debug|Any CPU
		{1E0C04C3-E375-42E7-804B-879EBF096AC1}.Release|Any CPU.ActiveCfg = Release|Any CPU
		{1E0C04C3-E375-42E7-804B-879EBF096AC1}.Release|Any CPU.Build.0 = Release|Any CPU
		{F448C2D6-C5F6-4988-9584-65936399EA0E}.Debug|Any CPU.ActiveCfg = Debug|Any CPU
		{F448C2D6-C5F6-4988-9584-65936399EA0E}.Debug|Any CPU.Build.0 = Debug|Any CPU
		{F448C2D6-C5F6-4988-9584-65936399EA0E}.Release|Any CPU.ActiveCfg = Release|Any CPU
		{F448C2D6-C5F6-4988-9584-65936399EA0E}.Release|Any CPU.Build.0 = Release|Any CPU
		{E20F1C04-354E-4937-8635-721BE78B027A}.Debug|Any CPU.ActiveCfg = Debug|Any CPU
		{E20F1C04-354E-4937-8635-721BE78B027A}.Debug|Any CPU.Build.0 = Debug|Any CPU
		{E20F1C04-354E-4937-8635-721BE78B027A}.Release|Any CPU.ActiveCfg = Release|Any CPU
		{E20F1C04-354E-4937-8635-721BE78B027A}.Release|Any CPU.Build.0 = Release|Any CPU
		{9145C60F-C858-4471-9824-BA58328E4B1C}.Debug|Any CPU.ActiveCfg = Debug|Any CPU
		{9145C60F-C858-4471-9824-BA58328E4B1C}.Debug|Any CPU.Build.0 = Debug|Any CPU
		{9145C60F-C858-4471-9824-BA58328E4B1C}.Release|Any CPU.ActiveCfg = Release|Any CPU
		{9145C60F-C858-4471-9824-BA58328E4B1C}.Release|Any CPU.Build.0 = Release|Any CPU
		{EB47D2C6-9F3E-4B70-85DC-E852612B71A0}.Debug|Any CPU.ActiveCfg = Debug|Any CPU
		{EB47D2C6-9F3E-4B70-85DC-E852612B71A0}.Debug|Any CPU.Build.0 = Debug|Any CPU
		{EB47D2C6-9F3E-4B70-85DC-E852612B71A0}.Release|Any CPU.ActiveCfg = Release|Any CPU
		{EB47D2C6-9F3E-4B70-85DC-E852612B71A0}.Release|Any CPU.Build.0 = Release|Any CPU
	EndGlobalSection
	GlobalSection(SolutionProperties) = preSolution
		HideSolutionNode = FALSE
	EndGlobalSection
EndGlobal
